
Microsoft Visual Studio Solution File, Format Version 12.00
# Visual Studio 15
VisualStudioVersion = 15.0.26430.6
MinimumVisualStudioVersion = 10.0.40219.1
Project("{FAE04EC0-301F-11D3-BF4B-00C04F79EFBC}") = "Calculator", "Calculator\Calculator.csproj", "{E9479A0C-90B2-448D-9AB7-36AB0877C25F}"
EndProject
Project("{FAE04EC0-301F-11D3-BF4B-00C04F79EFBC}") = "Calculator.Tests", "Calculator.Tests\Calculator.Tests.csproj", "{0A70A523-FA95-4208-986C-4BC9FEBA9944}"
EndProject
Project("{FAE04EC0-301F-11D3-BF4B-00C04F79EFBC}") = "AssertDemo", "AssertDemo\AssertDemo.csproj", "{A096C28E-238A-4CA1-A6C5-5F0BDADA46CE}"
EndProject
Project("{FAE04EC0-301F-11D3-BF4B-00C04F79EFBC}") = "AssertDemo.Test", "AssertDemo.Test\AssertDemo.Test.csproj", "{B44EE1D2-FBAF-49B5-9034-E6AB4345EBFB}"
EndProject
Global
	GlobalSection(SolutionConfigurationPlatforms) = preSolution
		Debug|Any CPU = Debug|Any CPU
		Release|Any CPU = Release|Any CPU
	EndGlobalSection
	GlobalSection(ProjectConfigurationPlatforms) = postSolution
		{E9479A0C-90B2-448D-9AB7-36AB0877C25F}.Debug|Any CPU.ActiveCfg = Debug|Any CPU
		{E9479A0C-90B2-448D-9AB7-36AB0877C25F}.Debug|Any CPU.Build.0 = Debug|Any CPU
		{E9479A0C-90B2-448D-9AB7-36AB0877C25F}.Release|Any CPU.ActiveCfg = Release|Any CPU
		{E9479A0C-90B2-448D-9AB7-36AB0877C25F}.Release|Any CPU.Build.0 = Release|Any CPU
		{0A70A523-FA95-4208-986C-4BC9FEBA9944}.Debug|Any CPU.ActiveCfg = Debug|Any CPU
		{0A70A523-FA95-4208-986C-4BC9FEBA9944}.Debug|Any CPU.Build.0 = Debug|Any CPU
		{0A70A523-FA95-4208-986C-4BC9FEBA9944}.Release|Any CPU.ActiveCfg = Release|Any CPU
		{0A70A523-FA95-4208-986C-4BC9FEBA9944}.Release|Any CPU.Build.0 = Release|Any CPU
		{A096C28E-238A-4CA1-A6C5-5F0BDADA46CE}.Debug|Any CPU.ActiveCfg = Debug|Any CPU
		{A096C28E-238A-4CA1-A6C5-5F0BDADA46CE}.Debug|Any CPU.Build.0 = Debug|Any CPU
		{A096C28E-238A-4CA1-A6C5-5F0BDADA46CE}.Release|Any CPU.ActiveCfg = Release|Any CPU
		{A096C28E-238A-4CA1-A6C5-5F0BDADA46CE}.Release|Any CPU.Build.0 = Release|Any CPU
		{B44EE1D2-FBAF-49B5-9034-E6AB4345EBFB}.Debug|Any CPU.ActiveCfg = Debug|Any CPU
		{B44EE1D2-FBAF-49B5-9034-E6AB4345EBFB}.Debug|Any CPU.Build.0 = Debug|Any CPU
		{B44EE1D2-FBAF-49B5-9034-E6AB4345EBFB}.Release|Any CPU.ActiveCfg = Release|Any CPU
		{B44EE1D2-FBAF-49B5-9034-E6AB4345EBFB}.Release|Any CPU.Build.0 = Release|Any CPU
	EndGlobalSection
	GlobalSection(SolutionProperties) = preSolution
		HideSolutionNode = FALSE
	EndGlobalSection
EndGlobal
